
Microsoft Visual Studio Solution File, Format Version 12.00
# Visual Studio 15
VisualStudioVersion = 15.0.28307.438
MinimumVisualStudioVersion = 10.0.40219.1
Project("{FAE04EC0-301F-11D3-BF4B-00C04F79EFBC}") = "FirstGitApp", "FirstGitApp\FirstGitApp.csproj", "{ADA61278-1F2D-4CE0-A885-217998E04E8A}"
EndProject
Global
	GlobalSection(SolutionConfigurationPlatforms) = preSolution
		Debug|Any CPU = Debug|Any CPU
		Release|Any CPU = Release|Any CPU
	EndGlobalSection
	GlobalSection(ProjectConfigurationPlatforms) = postSolution
		{ADA61278-1F2D-4CE0-A885-217998E04E8A}.Debug|Any CPU.ActiveCfg = Debug|Any CPU
		{ADA61278-1F2D-4CE0-A885-217998E04E8A}.Debug|Any CPU.Build.0 = Debug|Any CPU
		{ADA61278-1F2D-4CE0-A885-217998E04E8A}.Release|Any CPU.ActiveCfg = Release|Any CPU
		{ADA61278-1F2D-4CE0-A885-217998E04E8A}.Release|Any CPU.Build.0 = Release|Any CPU
	EndGlobalSection
	GlobalSection(SolutionProperties) = preSolution
		HideSolutionNode = FALSE
	EndGlobalSection
	GlobalSection(ExtensibilityGlobals) = postSolution
		SolutionGuid = {EAB34785-13E0-4982-A198-4D70441C9AAB}
	EndGlobalSection
EndGlobal
